
Microsoft Visual Studio Solution File, Format Version 12.00
# Visual Studio Version 16
VisualStudioVersion = 16.0.29709.97
MinimumVisualStudioVersion = 10.0.40219.1
Project("{FAE04EC0-301F-11D3-BF4B-00C04F79EFBC}") = "AB2", "AB2\AB2.csproj", "{6E97B0C2-18DF-4D49-A922-35A9001EF158}"
EndProject
Global
	GlobalSection(SolutionConfigurationPlatforms) = preSolution
		Debug|Any CPU = Debug|Any CPU
		Release|Any CPU = Release|Any CPU
	EndGlobalSection
	GlobalSection(ProjectConfigurationPlatforms) = postSolution
		{6E97B0C2-18DF-4D49-A922-35A9001EF158}.Debug|Any CPU.ActiveCfg = Debug|Any CPU
		{6E97B0C2-18DF-4D49-A922-35A9001EF158}.Debug|Any CPU.Build.0 = Debug|Any CPU
		{6E97B0C2-18DF-4D49-A922-35A9001EF158}.Release|Any CPU.ActiveCfg = Release|Any CPU
		{6E97B0C2-18DF-4D49-A922-35A9001EF158}.Release|Any CPU.Build.0 = Release|Any CPU
	EndGlobalSection
	GlobalSection(SolutionProperties) = preSolution
		HideSolutionNode = FALSE
	EndGlobalSection
	GlobalSection(ExtensibilityGlobals) = postSolution
		SolutionGuid = {1F5926EF-F03D-48A1-BC98-D7562749BCDF}
	EndGlobalSection
EndGlobal
